
Microsoft Visual Studio Solution File, Format Version 12.00
# Visual Studio 15
VisualStudioVersion = 15.0.28307.168
MinimumVisualStudioVersion = 10.0.40219.1
Project("{FAE04EC0-301F-11D3-BF4B-00C04F79EFBC}") = "Assignment5", "Assignment5\Assignment5.csproj", "{C50697CB-1F3B-4BDB-999E-D9A461688FBC}"
EndProject
Global
	GlobalSection(SolutionConfigurationPlatforms) = preSolution
		Debug|Any CPU = Debug|Any CPU
		Release|Any CPU = Release|Any CPU
	EndGlobalSection
	GlobalSection(ProjectConfigurationPlatforms) = postSolution
		{C50697CB-1F3B-4BDB-999E-D9A461688FBC}.Debug|Any CPU.ActiveCfg = Debug|Any CPU
		{C50697CB-1F3B-4BDB-999E-D9A461688FBC}.Debug|Any CPU.Build.0 = Debug|Any CPU
		{C50697CB-1F3B-4BDB-999E-D9A461688FBC}.Release|Any CPU.ActiveCfg = Release|Any CPU
		{C50697CB-1F3B-4BDB-999E-D9A461688FBC}.Release|Any CPU.Build.0 = Release|Any CPU
	EndGlobalSection
	GlobalSection(SolutionProperties) = preSolution
		HideSolutionNode = FALSE
	EndGlobalSection
	GlobalSection(ExtensibilityGlobals) = postSolution
		SolutionGuid = {4ABB00E4-0498-4A2B-A473-C29BC0B789E8}
	EndGlobalSection
EndGlobal
